
Microsoft Visual Studio Solution File, Format Version 12.00
# Visual Studio 15
VisualStudioVersion = 15.0.27703.2018
MinimumVisualStudioVersion = 10.0.40219.1
Project("{9A19103F-16F7-4668-BE54-9A1E7A4F7556}") = "TestGenerator", "TestGenerator.csproj", "{A48B1FC3-9032-4606-B7A9-B1BFD9255A0B}"
EndProject
Global
	GlobalSection(SolutionConfigurationPlatforms) = preSolution
		BuildExec|Any CPU = BuildExec|Any CPU
		Debug|Any CPU = Debug|Any CPU
		Release|Any CPU = Release|Any CPU
	EndGlobalSection
	GlobalSection(ProjectConfigurationPlatforms) = postSolution
		{A48B1FC3-9032-4606-B7A9-B1BFD9255A0B}.BuildExec|Any CPU.ActiveCfg = Release|Any CPU
		{A48B1FC3-9032-4606-B7A9-B1BFD9255A0B}.BuildExec|Any CPU.Build.0 = Release|Any CPU
		{A48B1FC3-9032-4606-B7A9-B1BFD9255A0B}.Debug|Any CPU.ActiveCfg = Debug|Any CPU
		{A48B1FC3-9032-4606-B7A9-B1BFD9255A0B}.Debug|Any CPU.Build.0 = Debug|Any CPU
		{A48B1FC3-9032-4606-B7A9-B1BFD9255A0B}.Release|Any CPU.ActiveCfg = Release|Any CPU
		{A48B1FC3-9032-4606-B7A9-B1BFD9255A0B}.Release|Any CPU.Build.0 = Release|Any CPU
	EndGlobalSection
	GlobalSection(SolutionProperties) = preSolution
		HideSolutionNode = FALSE
	EndGlobalSection
	GlobalSection(ExtensibilityGlobals) = postSolution
		SolutionGuid = {E63E9AD3-1586-4194-ADE7-7D75F1BF37A0}
	EndGlobalSection
EndGlobal
